
Microsoft Visual Studio Solution File, Format Version 12.00
# Visual Studio Version 16
VisualStudioVersion = 16.0.29230.47
MinimumVisualStudioVersion = 10.0.40219.1
Project("{FAE04EC0-301F-11D3-BF4B-00C04F79EFBC}") = "Hf-shop-F49E0D", "Hf-shop-F49E0D\Hf-shop-F49E0D.csproj", "{53FA305F-604B-4513-9A3E-C3FA69D6CBFE}"
EndProject
Project("{FAE04EC0-301F-11D3-BF4B-00C04F79EFBC}") = "Hf-Shop-test", "Hf-Shop-test\Hf-Shop-test.csproj", "{73207AB8-6B18-4BA6-A26C-15622E6575D9}"
EndProject
Global
	GlobalSection(SolutionConfigurationPlatforms) = preSolution
		Debug|Any CPU = Debug|Any CPU
		Release|Any CPU = Release|Any CPU
	EndGlobalSection
	GlobalSection(ProjectConfigurationPlatforms) = postSolution
		{53FA305F-604B-4513-9A3E-C3FA69D6CBFE}.Debug|Any CPU.ActiveCfg = Debug|Any CPU
		{53FA305F-604B-4513-9A3E-C3FA69D6CBFE}.Debug|Any CPU.Build.0 = Debug|Any CPU
		{53FA305F-604B-4513-9A3E-C3FA69D6CBFE}.Release|Any CPU.ActiveCfg = Release|Any CPU
		{53FA305F-604B-4513-9A3E-C3FA69D6CBFE}.Release|Any CPU.Build.0 = Release|Any CPU
		{73207AB8-6B18-4BA6-A26C-15622E6575D9}.Debug|Any CPU.ActiveCfg = Debug|Any CPU
		{73207AB8-6B18-4BA6-A26C-15622E6575D9}.Debug|Any CPU.Build.0 = Debug|Any CPU
		{73207AB8-6B18-4BA6-A26C-15622E6575D9}.Release|Any CPU.ActiveCfg = Release|Any CPU
		{73207AB8-6B18-4BA6-A26C-15622E6575D9}.Release|Any CPU.Build.0 = Release|Any CPU
	EndGlobalSection
	GlobalSection(SolutionProperties) = preSolution
		HideSolutionNode = FALSE
	EndGlobalSection
	GlobalSection(ExtensibilityGlobals) = postSolution
		SolutionGuid = {3F5B3E15-3218-4AFA-BD34-CBD3EB0609FD}
	EndGlobalSection
EndGlobal
